
Microsoft Visual Studio Solution File, Format Version 12.00
# Visual Studio 15
VisualStudioVersion = 15.0.28010.2036
MinimumVisualStudioVersion = 10.0.40219.1
Project("{2150E333-8FDC-42A3-9474-1A3956D46DE8}") = "CV", "CV", "{1502C59F-CB7F-4934-B697-164C2C85320B}"
EndProject
Project("{2150E333-8FDC-42A3-9474-1A3956D46DE8}") = "HW", "HW", "{AE701536-DC33-4635-9DD0-0BB2DC4ED1E8}"
EndProject
Project("{8BC9CEB8-8B4A-11D0-8D11-00A0C91BC942}") = "CV02", "CV02\CV02.vcxproj", "{60F0F0E1-AA5B-488E-925D-AC5CEAD6309B}"
EndProject
Project("{8BC9CEB8-8B4A-11D0-8D11-00A0C91BC942}") = "HW00", "HW00\HW00.vcxproj", "{63E0474D-C328-4D0F-9FDC-B57A82E54C1F}"
EndProject
Project("{8BC9CEB8-8B4A-11D0-8D11-00A0C91BC942}") = "HW01", "HW01\HW01.vcxproj", "{1002F717-401C-4AD7-9DA4-5AD497076992}"
EndProject
Project("{8BC9CEB8-8B4A-11D0-8D11-00A0C91BC942}") = "HW02", "HW02\HW02.vcxproj", "{D658CA51-D347-4C8D-8D7A-A19437E3B43D}"
EndProject
Project("{8BC9CEB8-8B4A-11D0-8D11-00A0C91BC942}") = "HW03", "HW03\HW03.vcxproj", "{940DD9CE-BB5D-479E-8BCF-F3D49B49B1C3}"
EndProject
Project("{8BC9CEB8-8B4A-11D0-8D11-00A0C91BC942}") = "HW04", "HW04\HW04.vcxproj", "{A48CEB19-54DE-4EB2-8A6A-4FB102AE5059}"
EndProject
Project("{8BC9CEB8-8B4A-11D0-8D11-00A0C91BC942}") = "HW05", "HW05\HW05.vcxproj", "{1A95B983-0CE0-4528-A8F7-7EE9A8172840}"
EndProject
Project("{8BC9CEB8-8B4A-11D0-8D11-00A0C91BC942}") = "HW06", "HW06\HW06.vcxproj", "{3036F8B0-9865-4D70-BB0C-3D15D30214A9}"
EndProject
Project("{8BC9CEB8-8B4A-11D0-8D11-00A0C91BC942}") = "HW07", "HW07\HW07.vcxproj", "{41D7EDC7-C8C2-4888-B23C-DB40FCA71EF1}"
EndProject
Project("{8BC9CEB8-8B4A-11D0-8D11-00A0C91BC942}") = "HW08", "HW08\HW08.vcxproj", "{9E8978AF-BC9A-4F50-B66B-28F79240037A}"
EndProject
Project("{8BC9CEB8-8B4A-11D0-8D11-00A0C91BC942}") = "HW09", "HW09\HW09.vcxproj", "{203FC0B6-6EB7-47C6-B03F-5903C7CBF37A}"
EndProject
Project("{8BC9CEB8-8B4A-11D0-8D11-00A0C91BC942}") = "HW10", "HW10\HW10.vcxproj", "{EC793D13-5CA1-47DF-8213-18B9218118BE}"
EndProject
Project("{8BC9CEB8-8B4A-11D0-8D11-00A0C91BC942}") = "CV03", "CV03\CV03.vcxproj", "{5144EF63-016A-4D06-A652-F54F31C158D3}"
EndProject
Project("{8BC9CEB8-8B4A-11D0-8D11-00A0C91BC942}") = "CV04", "CV04\CV04.vcxproj", "{D2CFE587-C7D1-491F-A4AF-CD436B918414}"
EndProject
Project("{8BC9CEB8-8B4A-11D0-8D11-00A0C91BC942}") = "CV05", "CV05\CV05.vcxproj", "{DD4E7062-BC62-474A-9F4C-C1EA21167B74}"
EndProject
Project("{8BC9CEB8-8B4A-11D0-8D11-00A0C91BC942}") = "CV06", "CV06\CV06.vcxproj", "{B678B1B6-1D91-40E3-BC59-DCA9DF288C35}"
EndProject
Project("{8BC9CEB8-8B4A-11D0-8D11-00A0C91BC942}") = "CV07", "CV07\CV07.vcxproj", "{16AD851D-4C0A-4806-871A-B381F6EC80FF}"
EndProject
Project("{8BC9CEB8-8B4A-11D0-8D11-00A0C91BC942}") = "CV09", "CV09\CV09.vcxproj", "{282C18B4-FC4B-4C48-BFA6-54F07C7A768E}"
EndProject
Project("{8BC9CEB8-8B4A-11D0-8D11-00A0C91BC942}") = "CV08", "CV08\CV08.vcxproj", "{3AC39CDA-039E-4B55-8419-B1D766166AE1}"
EndProject
Project("{8BC9CEB8-8B4A-11D0-8D11-00A0C91BC942}") = "CV10", "CV10\CV10.vcxproj", "{2741FC04-5FBD-4771-B1CB-024B5A924C88}"
EndProject
Project("{8BC9CEB8-8B4A-11D0-8D11-00A0C91BC942}") = "CV11", "CV11\CV11.vcxproj", "{AA370907-F096-4376-9ABB-A6C11CAF5F78}"
EndProject
Project("{8BC9CEB8-8B4A-11D0-8D11-00A0C91BC942}") = "CV12", "CV12\CV12.vcxproj", "{41517C82-B143-4F9C-AF47-FAABF6E8A9E3}"
EndProject
Global
	GlobalSection(SolutionConfigurationPlatforms) = preSolution
		Debug|Any CPU = Debug|Any CPU
		Debug|x64 = Debug|x64
		Debug|x86 = Debug|x86
		Release|Any CPU = Release|Any CPU
		Release|x64 = Release|x64
		Release|x86 = Release|x86
	EndGlobalSection
	GlobalSection(ProjectConfigurationPlatforms) = postSolution
		{60F0F0E1-AA5B-488E-925D-AC5CEAD6309B}.Debug|Any CPU.ActiveCfg = Debug|Win32
		{60F0F0E1-AA5B-488E-925D-AC5CEAD6309B}.Debug|x64.ActiveCfg = Debug|x64
		{60F0F0E1-AA5B-488E-925D-AC5CEAD6309B}.Debug|x64.Build.0 = Debug|x64
		{60F0F0E1-AA5B-488E-925D-AC5CEAD6309B}.Debug|x86.ActiveCfg = Debug|Win32
		{60F0F0E1-AA5B-488E-925D-AC5CEAD6309B}.Debug|x86.Build.0 = Debug|Win32
		{60F0F0E1-AA5B-488E-925D-AC5CEAD6309B}.Release|Any CPU.ActiveCfg = Release|Win32
		{60F0F0E1-AA5B-488E-925D-AC5CEAD6309B}.Release|x64.ActiveCfg = Release|x64
		{60F0F0E1-AA5B-488E-925D-AC5CEAD6309B}.Release|x64.Build.0 = Release|x64
		{60F0F0E1-AA5B-488E-925D-AC5CEAD6309B}.Release|x86.ActiveCfg = Release|Win32
		{60F0F0E1-AA5B-488E-925D-AC5CEAD6309B}.Release|x86.Build.0 = Release|Win32
		{63E0474D-C328-4D0F-9FDC-B57A82E54C1F}.Debug|Any CPU.ActiveCfg = Debug|Win32
		{63E0474D-C328-4D0F-9FDC-B57A82E54C1F}.Debug|x64.ActiveCfg = Debug|x64
		{63E0474D-C328-4D0F-9FDC-B57A82E54C1F}.Debug|x64.Build.0 = Debug|x64
		{63E0474D-C328-4D0F-9FDC-B57A82E54C1F}.Debug|x86.ActiveCfg = Debug|Win32
		{63E0474D-C328-4D0F-9FDC-B57A82E54C1F}.Debug|x86.Build.0 = Debug|Win32
		{63E0474D-C328-4D0F-9FDC-B57A82E54C1F}.Release|Any CPU.ActiveCfg = Release|Win32
		{63E0474D-C328-4D0F-9FDC-B57A82E54C1F}.Release|x64.ActiveCfg = Release|x64
		{63E0474D-C328-4D0F-9FDC-B57A82E54C1F}.Release|x64.Build.0 = Release|x64
		{63E0474D-C328-4D0F-9FDC-B57A82E54C1F}.Release|x86.ActiveCfg = Release|Win32
		{63E0474D-C328-4D0F-9FDC-B57A82E54C1F}.Release|x86.Build.0 = Release|Win32
		{1002F717-401C-4AD7-9DA4-5AD497076992}.Debug|Any CPU.ActiveCfg = Debug|Win32
		{1002F717-401C-4AD7-9DA4-5AD497076992}.Debug|x64.ActiveCfg = Debug|x64
		{1002F717-401C-4AD7-9DA4-5AD497076992}.Debug|x64.Build.0 = Debug|x64
		{1002F717-401C-4AD7-9DA4-5AD497076992}.Debug|x86.ActiveCfg = Debug|Win32
		{1002F717-401C-4AD7-9DA4-5AD497076992}.Debug|x86.Build.0 = Debug|Win32
		{1002F717-401C-4AD7-9DA4-5AD497076992}.Release|Any CPU.ActiveCfg = Release|Win32
		{1002F717-401C-4AD7-9DA4-5AD497076992}.Release|x64.ActiveCfg = Release|x64
		{1002F717-401C-4AD7-9DA4-5AD497076992}.Release|x64.Build.0 = Release|x64
		{1002F717-401C-4AD7-9DA4-5AD497076992}.Release|x86.ActiveCfg = Release|Win32
		{1002F717-401C-4AD7-9DA4-5AD497076992}.Release|x86.Build.0 = Release|Win32
		{D658CA51-D347-4C8D-8D7A-A19437E3B43D}.Debug|Any CPU.ActiveCfg = Debug|Win32
		{D658CA51-D347-4C8D-8D7A-A19437E3B43D}.Debug|x64.ActiveCfg = Debug|x64
		{D658CA51-D347-4C8D-8D7A-A19437E3B43D}.Debug|x64.Build.0 = Debug|x64
		{D658CA51-D347-4C8D-8D7A-A19437E3B43D}.Debug|x86.ActiveCfg = Debug|Win32
		{D658CA51-D347-4C8D-8D7A-A19437E3B43D}.Debug|x86.Build.0 = Debug|Win32
		{D658CA51-D347-4C8D-8D7A-A19437E3B43D}.Release|Any CPU.ActiveCfg = Release|Win32
		{D658CA51-D347-4C8D-8D7A-A19437E3B43D}.Release|x64.ActiveCfg = Release|x64
		{D658CA51-D347-4C8D-8D7A-A19437E3B43D}.Release|x64.Build.0 = Release|x64
		{D658CA51-D347-4C8D-8D7A-A19437E3B43D}.Release|x86.ActiveCfg = Release|Win32
		{D658CA51-D347-4C8D-8D7A-A19437E3B43D}.Release|x86.Build.0 = Release|Win32
		{940DD9CE-BB5D-479E-8BCF-F3D49B49B1C3}.Debug|Any CPU.ActiveCfg = Debug|Win32
		{940DD9CE-BB5D-479E-8BCF-F3D49B49B1C3}.Debug|x64.ActiveCfg = Debug|x64
		{940DD9CE-BB5D-479E-8BCF-F3D49B49B1C3}.Debug|x64.Build.0 = Debug|x64
		{940DD9CE-BB5D-479E-8BCF-F3D49B49B1C3}.Debug|x86.ActiveCfg = Debug|Win32
		{940DD9CE-BB5D-479E-8BCF-F3D49B49B1C3}.Debug|x86.Build.0 = Debug|Win32
		{940DD9CE-BB5D-479E-8BCF-F3D49B49B1C3}.Release|Any CPU.ActiveCfg = Release|Win32
		{940DD9CE-BB5D-479E-8BCF-F3D49B49B1C3}.Release|x64.ActiveCfg = Release|x64
		{940DD9CE-BB5D-479E-8BCF-F3D49B49B1C3}.Release|x64.Build.0 = Release|x64
		{940DD9CE-BB5D-479E-8BCF-F3D49B49B1C3}.Release|x86.ActiveCfg = Release|Win32
		{940DD9CE-BB5D-479E-8BCF-F3D49B49B1C3}.Release|x86.Build.0 = Release|Win32
		{A48CEB19-54DE-4EB2-8A6A-4FB102AE5059}.Debug|Any CPU.ActiveCfg = Debug|Win32
		{A48CEB19-54DE-4EB2-8A6A-4FB102AE5059}.Debug|x64.ActiveCfg = Debug|x64
		{A48CEB19-54DE-4EB2-8A6A-4FB102AE5059}.Debug|x64.Build.0 = Debug|x64
		{A48CEB19-54DE-4EB2-8A6A-4FB102AE5059}.Debug|x86.ActiveCfg = Debug|Win32
		{A48CEB19-54DE-4EB2-8A6A-4FB102AE5059}.Debug|x86.Build.0 = Debug|Win32
		{A48CEB19-54DE-4EB2-8A6A-4FB102AE5059}.Release|Any CPU.ActiveCfg = Release|Win32
		{A48CEB19-54DE-4EB2-8A6A-4FB102AE5059}.Release|x64.ActiveCfg = Release|x64
		{A48CEB19-54DE-4EB2-8A6A-4FB102AE5059}.Release|x64.Build.0 = Release|x64
		{A48CEB19-54DE-4EB2-8A6A-4FB102AE5059}.Release|x86.ActiveCfg = Release|Win32
		{A48CEB19-54DE-4EB2-8A6A-4FB102AE5059}.Release|x86.Build.0 = Release|Win32
		{1A95B983-0CE0-4528-A8F7-7EE9A8172840}.Debug|Any CPU.ActiveCfg = Debug|Win32
		{1A95B983-0CE0-4528-A8F7-7EE9A8172840}.Debug|x64.ActiveCfg = Debug|x64
		{1A95B983-0CE0-4528-A8F7-7EE9A8172840}.Debug|x64.Build.0 = Debug|x64
		{1A95B983-0CE0-4528-A8F7-7EE9A8172840}.Debug|x86.ActiveCfg = Debug|Win32
		{1A95B983-0CE0-4528-A8F7-7EE9A8172840}.Debug|x86.Build.0 = Debug|Win32
		{1A95B983-0CE0-4528-A8F7-7EE9A8172840}.Release|Any CPU.ActiveCfg = Release|Win32
		{1A95B983-0CE0-4528-A8F7-7EE9A8172840}.Release|x64.ActiveCfg = Release|x64
		{1A95B983-0CE0-4528-A8F7-7EE9A8172840}.Release|x64.Build.0 = Release|x64
		{1A95B983-0CE0-4528-A8F7-7EE9A8172840}.Release|x86.ActiveCfg = Release|Win32
		{1A95B983-0CE0-4528-A8F7-7EE9A8172840}.Release|x86.Build.0 = Release|Win32
		{3036F8B0-9865-4D70-BB0C-3D15D30214A9}.Debug|Any CPU.ActiveCfg = Debug|Win32
		{3036F8B0-9865-4D70-BB0C-3D15D30214A9}.Debug|x64.ActiveCfg = Debug|x64
		{3036F8B0-9865-4D70-BB0C-3D15D30214A9}.Debug|x64.Build.0 = Debug|x64
		{3036F8B0-9865-4D70-BB0C-3D15D30214A9}.Debug|x86.ActiveCfg = Debug|Win32
		{3036F8B0-9865-4D70-BB0C-3D15D30214A9}.Debug|x86.Build.0 = Debug|Win32
		{3036F8B0-9865-4D70-BB0C-3D15D30214A9}.Release|Any CPU.ActiveCfg = Release|Win32
		{3036F8B0-9865-4D70-BB0C-3D15D30214A9}.Release|x64.ActiveCfg = Release|x64
		{3036F8B0-9865-4D70-BB0C-3D15D30214A9}.Release|x64.Build.0 = Release|x64
		{3036F8B0-9865-4D70-BB0C-3D15D30214A9}.Release|x86.ActiveCfg = Release|Win32
		{3036F8B0-9865-4D70-BB0C-3D15D30214A9}.Release|x86.Build.0 = Release|Win32
		{41D7EDC7-C8C2-4888-B23C-DB40FCA71EF1}.Debug|Any CPU.ActiveCfg = Debug|Win32
		{41D7EDC7-C8C2-4888-B23C-DB40FCA71EF1}.Debug|x64.ActiveCfg = Debug|x64
		{41D7EDC7-C8C2-4888-B23C-DB40FCA71EF1}.Debug|x64.Build.0 = Debug|x64
		{41D7EDC7-C8C2-4888-B23C-DB40FCA71EF1}.Debug|x86.ActiveCfg = Debug|Win32
		{41D7EDC7-C8C2-4888-B23C-DB40FCA71EF1}.Debug|x86.Build.0 = Debug|Win32
		{41D7EDC7-C8C2-4888-B23C-DB40FCA71EF1}.Release|Any CPU.ActiveCfg = Release|Win32
		{41D7EDC7-C8C2-4888-B23C-DB40FCA71EF1}.Release|x64.ActiveCfg = Release|x64
		{41D7EDC7-C8C2-4888-B23C-DB40FCA71EF1}.Release|x64.Build.0 = Release|x64
		{41D7EDC7-C8C2-4888-B23C-DB40FCA71EF1}.Release|x86.ActiveCfg = Release|Win32
		{41D7EDC7-C8C2-4888-B23C-DB40FCA71EF1}.Release|x86.Build.0 = Release|Win32
		{9E8978AF-BC9A-4F50-B66B-28F79240037A}.Debug|Any CPU.ActiveCfg = Debug|Win32
		{9E8978AF-BC9A-4F50-B66B-28F79240037A}.Debug|x64.ActiveCfg = Debug|x64
		{9E8978AF-BC9A-4F50-B66B-28F79240037A}.Debug|x64.Build.0 = Debug|x64
		{9E8978AF-BC9A-4F50-B66B-28F79240037A}.Debug|x86.ActiveCfg = Debug|Win32
		{9E8978AF-BC9A-4F50-B66B-28F79240037A}.Debug|x86.Build.0 = Debug|Win32
		{9E8978AF-BC9A-4F50-B66B-28F79240037A}.Release|Any CPU.ActiveCfg = Release|Win32
		{9E8978AF-BC9A-4F50-B66B-28F79240037A}.Release|x64.ActiveCfg = Release|x64
		{9E8978AF-BC9A-4F50-B66B-28F79240037A}.Release|x64.Build.0 = Release|x64
		{9E8978AF-BC9A-4F50-B66B-28F79240037A}.Release|x86.ActiveCfg = Release|Win32
		{9E8978AF-BC9A-4F50-B66B-28F79240037A}.Release|x86.Build.0 = Release|Win32
		{203FC0B6-6EB7-47C6-B03F-5903C7CBF37A}.Debug|Any CPU.ActiveCfg = Debug|Win32
		{203FC0B6-6EB7-47C6-B03F-5903C7CBF37A}.Debug|x64.ActiveCfg = Debug|x64
		{203FC0B6-6EB7-47C6-B03F-5903C7CBF37A}.Debug|x64.Build.0 = Debug|x64
		{203FC0B6-6EB7-47C6-B03F-5903C7CBF37A}.Debug|x86.ActiveCfg = Debug|Win32
		{203FC0B6-6EB7-47C6-B03F-5903C7CBF37A}.Debug|x86.Build.0 = Debug|Win32
		{203FC0B6-6EB7-47C6-B03F-5903C7CBF37A}.Release|Any CPU.ActiveCfg = Release|Win32
		{203FC0B6-6EB7-47C6-B03F-5903C7CBF37A}.Release|x64.ActiveCfg = Release|x64
		{203FC0B6-6EB7-47C6-B03F-5903C7CBF37A}.Release|x64.Build.0 = Release|x64
		{203FC0B6-6EB7-47C6-B03F-5903C7CBF37A}.Release|x86.ActiveCfg = Release|Win32
		{203FC0B6-6EB7-47C6-B03F-5903C7CBF37A}.Release|x86.Build.0 = Release|Win32
		{EC793D13-5CA1-47DF-8213-18B9218118BE}.Debug|Any CPU.ActiveCfg = Debug|Win32
		{EC793D13-5CA1-47DF-8213-18B9218118BE}.Debug|x64.ActiveCfg = Debug|x64
		{EC793D13-5CA1-47DF-8213-18B9218118BE}.Debug|x64.Build.0 = Debug|x64
		{EC793D13-5CA1-47DF-8213-18B9218118BE}.Debug|x86.ActiveCfg = Debug|Win32
		{EC793D13-5CA1-47DF-8213-18B9218118BE}.Debug|x86.Build.0 = Debug|Win32
		{EC793D13-5CA1-47DF-8213-18B9218118BE}.Release|Any CPU.ActiveCfg = Release|Win32
		{EC793D13-5CA1-47DF-8213-18B9218118BE}.Release|x64.ActiveCfg = Release|x64
		{EC793D13-5CA1-47DF-8213-18B9218118BE}.Release|x64.Build.0 = Release|x64
		{EC793D13-5CA1-47DF-8213-18B9218118BE}.Release|x86.ActiveCfg = Release|Win32
		{EC793D13-5CA1-47DF-8213-18B9218118BE}.Release|x86.Build.0 = Release|Win32
		{5144EF63-016A-4D06-A652-F54F31C158D3}.Debug|Any CPU.ActiveCfg = Debug|Win32
		{5144EF63-016A-4D06-A652-F54F31C158D3}.Debug|x64.ActiveCfg = Debug|x64
		{5144EF63-016A-4D06-A652-F54F31C158D3}.Debug|x64.Build.0 = Debug|x64
		{5144EF63-016A-4D06-A652-F54F31C158D3}.Debug|x86.ActiveCfg = Debug|Win32
		{5144EF63-016A-4D06-A652-F54F31C158D3}.Debug|x86.Build.0 = Debug|Win32
		{5144EF63-016A-4D06-A652-F54F31C158D3}.Release|Any CPU.ActiveCfg = Release|Win32
		{5144EF63-016A-4D06-A652-F54F31C158D3}.Release|x64.ActiveCfg = Release|x64
		{5144EF63-016A-4D06-A652-F54F31C158D3}.Release|x64.Build.0 = Release|x64
		{5144EF63-016A-4D06-A652-F54F31C158D3}.Release|x86.ActiveCfg = Release|Win32
		{5144EF63-016A-4D06-A652-F54F31C158D3}.Release|x86.Build.0 = Release|Win32
		{D2CFE587-C7D1-491F-A4AF-CD436B918414}.Debug|Any CPU.ActiveCfg = Debug|Win32
		{D2CFE587-C7D1-491F-A4AF-CD436B918414}.Debug|x64.ActiveCfg = Debug|x64
		{D2CFE587-C7D1-491F-A4AF-CD436B918414}.Debug|x64.Build.0 = Debug|x64
		{D2CFE587-C7D1-491F-A4AF-CD436B918414}.Debug|x86.ActiveCfg = Debug|Win32
		{D2CFE587-C7D1-491F-A4AF-CD436B918414}.Debug|x86.Build.0 = Debug|Win32
		{D2CFE587-C7D1-491F-A4AF-CD436B918414}.Release|Any CPU.ActiveCfg = Release|Win32
		{D2CFE587-C7D1-491F-A4AF-CD436B918414}.Release|x64.ActiveCfg = Release|x64
		{D2CFE587-C7D1-491F-A4AF-CD436B918414}.Release|x64.Build.0 = Release|x64
		{D2CFE587-C7D1-491F-A4AF-CD436B918414}.Release|x86.ActiveCfg = Release|Win32
		{D2CFE587-C7D1-491F-A4AF-CD436B918414}.Release|x86.Build.0 = Release|Win32
		{DD4E7062-BC62-474A-9F4C-C1EA21167B74}.Debug|Any CPU.ActiveCfg = Debug|Win32
		{DD4E7062-BC62-474A-9F4C-C1EA21167B74}.Debug|x64.ActiveCfg = Debug|x64
		{DD4E7062-BC62-474A-9F4C-C1EA21167B74}.Debug|x64.Build.0 = Debug|x64
		{DD4E7062-BC62-474A-9F4C-C1EA21167B74}.Debug|x86.ActiveCfg = Debug|Win32
		{DD4E7062-BC62-474A-9F4C-C1EA21167B74}.Debug|x86.Build.0 = Debug|Win32
		{DD4E7062-BC62-474A-9F4C-C1EA21167B74}.Release|Any CPU.ActiveCfg = Release|Win32
		{DD4E7062-BC62-474A-9F4C-C1EA21167B74}.Release|x64.ActiveCfg = Release|x64
		{DD4E7062-BC62-474A-9F4C-C1EA21167B74}.Release|x64.Build.0 = Release|x64
		{DD4E7062-BC62-474A-9F4C-C1EA21167B74}.Release|x86.ActiveCfg = Release|Win32
		{DD4E7062-BC62-474A-9F4C-C1EA21167B74}.Release|x86.Build.0 = Release|Win32
		{B678B1B6-1D91-40E3-BC59-DCA9DF288C35}.Debug|Any CPU.ActiveCfg = Debug|Win32
		{B678B1B6-1D91-40E3-BC59-DCA9DF288C35}.Debug|x64.ActiveCfg = Debug|x64
		{B678B1B6-1D91-40E3-BC59-DCA9DF288C35}.Debug|x64.Build.0 = Debug|x64
		{B678B1B6-1D91-40E3-BC59-DCA9DF288C35}.Debug|x86.ActiveCfg = Debug|Win32
		{B678B1B6-1D91-40E3-BC59-DCA9DF288C35}.Debug|x86.Build.0 = Debug|Win32
		{B678B1B6-1D91-40E3-BC59-DCA9DF288C35}.Release|Any CPU.ActiveCfg = Release|Win32
		{B678B1B6-1D91-40E3-BC59-DCA9DF288C35}.Release|x64.ActiveCfg = Release|x64
		{B678B1B6-1D91-40E3-BC59-DCA9DF288C35}.Release|x64.Build.0 = Release|x64
		{B678B1B6-1D91-40E3-BC59-DCA9DF288C35}.Release|x86.ActiveCfg = Release|Win32
		{B678B1B6-1D91-40E3-BC59-DCA9DF288C35}.Release|x86.Build.0 = Release|Win32
		{16AD851D-4C0A-4806-871A-B381F6EC80FF}.Debug|Any CPU.ActiveCfg = Debug|Win32
		{16AD851D-4C0A-4806-871A-B381F6EC80FF}.Debug|x64.ActiveCfg = Debug|x64
		{16AD851D-4C0A-4806-871A-B381F6EC80FF}.Debug|x64.Build.0 = Debug|x64
		{16AD851D-4C0A-4806-871A-B381F6EC80FF}.Debug|x86.ActiveCfg = Debug|Win32
		{16AD851D-4C0A-4806-871A-B381F6EC80FF}.Debug|x86.Build.0 = Debug|Win32
		{16AD851D-4C0A-4806-871A-B381F6EC80FF}.Release|Any CPU.ActiveCfg = Release|Win32
		{16AD851D-4C0A-4806-871A-B381F6EC80FF}.Release|x64.ActiveCfg = Release|x64
		{16AD851D-4C0A-4806-871A-B381F6EC80FF}.Release|x64.Build.0 = Release|x64
		{16AD851D-4C0A-4806-871A-B381F6EC80FF}.Release|x86.ActiveCfg = Release|Win32
		{16AD851D-4C0A-4806-871A-B381F6EC80FF}.Release|x86.Build.0 = Release|Win32
		{282C18B4-FC4B-4C48-BFA6-54F07C7A768E}.Debug|Any CPU.ActiveCfg = Debug|Win32
		{282C18B4-FC4B-4C48-BFA6-54F07C7A768E}.Debug|x64.ActiveCfg = Debug|x64
		{282C18B4-FC4B-4C48-BFA6-54F07C7A768E}.Debug|x64.Build.0 = Debug|x64
		{282C18B4-FC4B-4C48-BFA6-54F07C7A768E}.Debug|x86.ActiveCfg = Debug|Win32
		{282C18B4-FC4B-4C48-BFA6-54F07C7A768E}.Debug|x86.Build.0 = Debug|Win32
		{282C18B4-FC4B-4C48-BFA6-54F07C7A768E}.Release|Any CPU.ActiveCfg = Release|Win32
		{282C18B4-FC4B-4C48-BFA6-54F07C7A768E}.Release|x64.ActiveCfg = Release|x64
		{282C18B4-FC4B-4C48-BFA6-54F07C7A768E}.Release|x64.Build.0 = Release|x64
		{282C18B4-FC4B-4C48-BFA6-54F07C7A768E}.Release|x86.ActiveCfg = Release|Win32
		{282C18B4-FC4B-4C48-BFA6-54F07C7A768E}.Release|x86.Build.0 = Release|Win32
		{3AC39CDA-039E-4B55-8419-B1D766166AE1}.Debug|Any CPU.ActiveCfg = Debug|Win32
		{3AC39CDA-039E-4B55-8419-B1D766166AE1}.Debug|x64.ActiveCfg = Debug|x64
		{3AC39CDA-039E-4B55-8419-B1D766166AE1}.Debug|x64.Build.0 = Debug|x64
		{3AC39CDA-039E-4B55-8419-B1D766166AE1}.Debug|x86.ActiveCfg = Debug|Win32
		{3AC39CDA-039E-4B55-8419-B1D766166AE1}.Debug|x86.Build.0 = Debug|Win32
		{3AC39CDA-039E-4B55-8419-B1D766166AE1}.Release|Any CPU.ActiveCfg = Release|Win32
		{3AC39CDA-039E-4B55-8419-B1D766166AE1}.Release|x64.ActiveCfg = Release|x64
		{3AC39CDA-039E-4B55-8419-B1D766166AE1}.Release|x64.Build.0 = Release|x64
		{3AC39CDA-039E-4B55-8419-B1D766166AE1}.Release|x86.ActiveCfg = Release|Win32
		{3AC39CDA-039E-4B55-8419-B1D766166AE1}.Release|x86.Build.0 = Release|Win32
		{2741FC04-5FBD-4771-B1CB-024B5A924C88}.Debug|Any CPU.ActiveCfg = Debug|Win32
		{2741FC04-5FBD-4771-B1CB-024B5A924C88}.Debug|x64.ActiveCfg = Debug|x64
		{2741FC04-5FBD-4771-B1CB-024B5A924C88}.Debug|x64.Build.0 = Debug|x64
		{2741FC04-5FBD-4771-B1CB-024B5A924C88}.Debug|x86.ActiveCfg = Debug|Win32
		{2741FC04-5FBD-4771-B1CB-024B5A924C88}.Debug|x86.Build.0 = Debug|Win32
		{2741FC04-5FBD-4771-B1CB-024B5A924C88}.Release|Any CPU.ActiveCfg = Release|Win32
		{2741FC04-5FBD-4771-B1CB-024B5A924C88}.Release|x64.ActiveCfg = Release|x64
		{2741FC04-5FBD-4771-B1CB-024B5A924C88}.Release|x64.Build.0 = Release|x64
		{2741FC04-5FBD-4771-B1CB-024B5A924C88}.Release|x86.ActiveCfg = Release|Win32
		{2741FC04-5FBD-4771-B1CB-024B5A924C88}.Release|x86.Build.0 = Release|Win32
		{AA370907-F096-4376-9ABB-A6C11CAF5F78}.Debug|Any CPU.ActiveCfg = Debug|Win32
		{AA370907-F096-4376-9ABB-A6C11CAF5F78}.Debug|x64.ActiveCfg = Debug|x64
		{AA370907-F096-4376-9ABB-A6C11CAF5F78}.Debug|x64.Build.0 = Debug|x64
		{AA370907-F096-4376-9ABB-A6C11CAF5F78}.Debug|x86.ActiveCfg = Debug|Win32
		{AA370907-F096-4376-9ABB-A6C11CAF5F78}.Debug|x86.Build.0 = Debug|Win32
		{AA370907-F096-4376-9ABB-A6C11CAF5F78}.Release|Any CPU.ActiveCfg = Release|Win32
		{AA370907-F096-4376-9ABB-A6C11CAF5F78}.Release|x64.ActiveCfg = Release|x64
		{AA370907-F096-4376-9ABB-A6C11CAF5F78}.Release|x64.Build.0 = Release|x64
		{AA370907-F096-4376-9ABB-A6C11CAF5F78}.Release|x86.ActiveCfg = Release|Win32
		{AA370907-F096-4376-9ABB-A6C11CAF5F78}.Release|x86.Build.0 = Release|Win32
		{41517C82-B143-4F9C-AF47-FAABF6E8A9E3}.Debug|Any CPU.ActiveCfg = Debug|Win32
		{41517C82-B143-4F9C-AF47-FAABF6E8A9E3}.Debug|x64.ActiveCfg = Debug|x64
		{41517C82-B143-4F9C-AF47-FAABF6E8A9E3}.Debug|x64.Build.0 = Debug|x64
		{41517C82-B143-4F9C-AF47-FAABF6E8A9E3}.Debug|x86.ActiveCfg = Debug|Win32
		{41517C82-B143-4F9C-AF47-FAABF6E8A9E3}.Debug|x86.Build.0 = Debug|Win32
		{41517C82-B143-4F9C-AF47-FAABF6E8A9E3}.Release|Any CPU.ActiveCfg = Release|Win32
		{41517C82-B143-4F9C-AF47-FAABF6E8A9E3}.Release|x64.ActiveCfg = Release|x64
		{41517C82-B143-4F9C-AF47-FAABF6E8A9E3}.Release|x64.Build.0 = Release|x64
		{41517C82-B143-4F9C-AF47-FAABF6E8A9E3}.Release|x86.ActiveCfg = Release|Win32
		{41517C82-B143-4F9C-AF47-FAABF6E8A9E3}.Release|x86.Build.0 = Release|Win32
	EndGlobalSection
	GlobalSection(SolutionProperties) = preSolution
		HideSolutionNode = FALSE
	EndGlobalSection
	GlobalSection(NestedProjects) = preSolution
		{60F0F0E1-AA5B-488E-925D-AC5CEAD6309B} = {1502C59F-CB7F-4934-B697-164C2C85320B}
		{63E0474D-C328-4D0F-9FDC-B57A82E54C1F} = {AE701536-DC33-4635-9DD0-0BB2DC4ED1E8}
		{1002F717-401C-4AD7-9DA4-5AD497076992} = {AE701536-DC33-4635-9DD0-0BB2DC4ED1E8}
		{D658CA51-D347-4C8D-8D7A-A19437E3B43D} = {AE701536-DC33-4635-9DD0-0BB2DC4ED1E8}
		{940DD9CE-BB5D-479E-8BCF-F3D49B49B1C3} = {AE701536-DC33-4635-9DD0-0BB2DC4ED1E8}
		{A48CEB19-54DE-4EB2-8A6A-4FB102AE5059} = {AE701536-DC33-4635-9DD0-0BB2DC4ED1E8}
		{1A95B983-0CE0-4528-A8F7-7EE9A8172840} = {AE701536-DC33-4635-9DD0-0BB2DC4ED1E8}
		{3036F8B0-9865-4D70-BB0C-3D15D30214A9} = {AE701536-DC33-4635-9DD0-0BB2DC4ED1E8}
		{41D7EDC7-C8C2-4888-B23C-DB40FCA71EF1} = {AE701536-DC33-4635-9DD0-0BB2DC4ED1E8}
		{9E8978AF-BC9A-4F50-B66B-28F79240037A} = {AE701536-DC33-4635-9DD0-0BB2DC4ED1E8}
		{203FC0B6-6EB7-47C6-B03F-5903C7CBF37A} = {AE701536-DC33-4635-9DD0-0BB2DC4ED1E8}
		{EC793D13-5CA1-47DF-8213-18B9218118BE} = {AE701536-DC33-4635-9DD0-0BB2DC4ED1E8}
		{5144EF63-016A-4D06-A652-F54F31C158D3} = {1502C59F-CB7F-4934-B697-164C2C85320B}
		{D2CFE587-C7D1-491F-A4AF-CD436B918414} = {1502C59F-CB7F-4934-B697-164C2C85320B}
		{DD4E7062-BC62-474A-9F4C-C1EA21167B74} = {1502C59F-CB7F-4934-B697-164C2C85320B}
		{B678B1B6-1D91-40E3-BC59-DCA9DF288C35} = {1502C59F-CB7F-4934-B697-164C2C85320B}
		{16AD851D-4C0A-4806-871A-B381F6EC80FF} = {1502C59F-CB7F-4934-B697-164C2C85320B}
		{282C18B4-FC4B-4C48-BFA6-54F07C7A768E} = {1502C59F-CB7F-4934-B697-164C2C85320B}
		{3AC39CDA-039E-4B55-8419-B1D766166AE1} = {1502C59F-CB7F-4934-B697-164C2C85320B}
		{2741FC04-5FBD-4771-B1CB-024B5A924C88} = {1502C59F-CB7F-4934-B697-164C2C85320B}
		{AA370907-F096-4376-9ABB-A6C11CAF5F78} = {1502C59F-CB7F-4934-B697-164C2C85320B}
		{41517C82-B143-4F9C-AF47-FAABF6E8A9E3} = {1502C59F-CB7F-4934-B697-164C2C85320B}
	EndGlobalSection
	GlobalSection(ExtensibilityGlobals) = postSolution
		SolutionGuid = {CEDB766B-CE30-4C4B-BA9D-B51096F45181}
	EndGlobalSection
EndGlobal
