<?xml version="1.0" encoding="utf-8"?>
<Project ToolsVersion="4.0" xmlns="http://schemas.microsoft.com/developer/msbuild/2003">
  <ItemGroup>
    <Filter Include="Zdrojové soubory">
      <UniqueIdentifier>{4FC737F1-C7A5-4376-A066-2A32D752A2FF}</UniqueIdentifier>
      <Extensions>cpp;c;cc;cxx;def;odl;idl;hpj;bat;asm;asmx</Extensions>
    </Filter>
    <Filter Include="Hlavičkové soubory">
      <UniqueIdentifier>{93995380-89BD-4b04-88EB-625FBE52EBFB}</UniqueIdentifier>
      <Extensions>h;hh;hpp;hxx;hm;inl;inc;ipp;xsd</Extensions>
    </Filter>
    <Filter Include="Soubory zdrojů">
      <UniqueIdentifier>{67DA6AB6-F800-4c08-8B7A-83BB121AAD01}</UniqueIdentifier>
      <Extensions>rc;ico;cur;bmp;dlg;rc2;rct;bin;rgs;gif;jpg;jpeg;jpe;resx;tiff;tif;png;wav;mfcribbon-ms</Extensions>
    </Filter>
    <Filter Include="data">
      <UniqueIdentifier>{f91a5818-2f8d-41d4-a112-8a8abfc5dbb3}</UniqueIdentifier>
    </Filter>
  </ItemGroup>
  <ItemGroup>
    <None Include="b0b36prp-hw01-genref" />
    <None Include="generate_solutions.sh" />
    <None Include="Makefile" />
    <None Include="program" />
    <None Include="data\pub01.in">
      <Filter>data</Filter>
    </None>
    <None Include="data\pub01.out">
      <Filter>data</Filter>
    </None>
    <None Include="data\pub02.in">
      <Filter>data</Filter>
    </None>
    <None Include="data\pub02.out">
      <Filter>data</Filter>
    </None>
    <None Include="data\pub03.in">
      <Filter>data</Filter>
    </None>
    <None Include="data\pub03.out">
      <Filter>data</Filter>
    </None>
    <None Include="data\pub04.in">
      <Filter>data</Filter>
    </None>
    <None Include="data\pub04.out">
      <Filter>data</Filter>
    </None>
  </ItemGroup>
  <ItemGroup>
    <ClCompile Include="main.c">
      <Filter>Zdrojové soubory</Filter>
    </ClCompile>
  </ItemGroup>
</Project>